
Microsoft Visual Studio Solution File, Format Version 12.00
# Visual Studio Version 16
VisualStudioVersion = 16.0.28803.352
MinimumVisualStudioVersion = 10.0.40219.1
Project("{9A19103F-16F7-4668-BE54-9A1E7A4F7556}") = "IndividualsApi", "IndividualsApi\IndividualsApi.csproj", "{F219260C-023F-4164-BC33-65962E9409BB}"
EndProject
Project("{FAE04EC0-301F-11D3-BF4B-00C04F79EFBC}") = "IndividualsApi.Data", "IndividualsApi.Data\IndividualsApi.Data.csproj", "{1EFFEE6B-BD12-4E40-BD78-A59629335367}"
EndProject
Global
	GlobalSection(SolutionConfigurationPlatforms) = preSolution
		Debug|Any CPU = Debug|Any CPU
		Release|Any CPU = Release|Any CPU
	EndGlobalSection
	GlobalSection(ProjectConfigurationPlatforms) = postSolution
		{F219260C-023F-4164-BC33-65962E9409BB}.Debug|Any CPU.ActiveCfg = Debug|Any CPU
		{F219260C-023F-4164-BC33-65962E9409BB}.Debug|Any CPU.Build.0 = Debug|Any CPU
		{F219260C-023F-4164-BC33-65962E9409BB}.Release|Any CPU.ActiveCfg = Release|Any CPU
		{F219260C-023F-4164-BC33-65962E9409BB}.Release|Any CPU.Build.0 = Release|Any CPU
		{1EFFEE6B-BD12-4E40-BD78-A59629335367}.Debug|Any CPU.ActiveCfg = Debug|Any CPU
		{1EFFEE6B-BD12-4E40-BD78-A59629335367}.Debug|Any CPU.Build.0 = Debug|Any CPU
		{1EFFEE6B-BD12-4E40-BD78-A59629335367}.Release|Any CPU.ActiveCfg = Release|Any CPU
		{1EFFEE6B-BD12-4E40-BD78-A59629335367}.Release|Any CPU.Build.0 = Release|Any CPU
	EndGlobalSection
	GlobalSection(SolutionProperties) = preSolution
		HideSolutionNode = FALSE
	EndGlobalSection
	GlobalSection(ExtensibilityGlobals) = postSolution
		SolutionGuid = {663F59B5-08C0-41D3-95C5-84A34C39F28C}
	EndGlobalSection
EndGlobal
